
Microsoft Visual Studio Solution File, Format Version 12.00
# Visual Studio Version 17
VisualStudioVersion = 17.6.33723.286
MinimumVisualStudioVersion = 10.0.40219.1
Project("{FAE04EC0-301F-11D3-BF4B-00C04F79EFBC}") = "Ecosystem", "Ecosystem\Ecosystem.csproj", "{B8A044CA-C68D-4A19-A590-363D4833EDDF}"
EndProject
Project("{FAE04EC0-301F-11D3-BF4B-00C04F79EFBC}") = "InheritanceExercisesApplication", "InheritanceExercisesApplication\InheritanceExercisesApplication.csproj", "{7A25CB96-62C5-4A4C-872E-018BD8AEC3BE}"
EndProject
Global
	GlobalSection(SolutionConfigurationPlatforms) = preSolution
		Debug|Any CPU = Debug|Any CPU
		Release|Any CPU = Release|Any CPU
	EndGlobalSection
	GlobalSection(ProjectConfigurationPlatforms) = postSolution
		{B8A044CA-C68D-4A19-A590-363D4833EDDF}.Debug|Any CPU.ActiveCfg = Debug|Any CPU
		{B8A044CA-C68D-4A19-A590-363D4833EDDF}.Debug|Any CPU.Build.0 = Debug|Any CPU
		{B8A044CA-C68D-4A19-A590-363D4833EDDF}.Release|Any CPU.ActiveCfg = Release|Any CPU
		{B8A044CA-C68D-4A19-A590-363D4833EDDF}.Release|Any CPU.Build.0 = Release|Any CPU
		{7A25CB96-62C5-4A4C-872E-018BD8AEC3BE}.Debug|Any CPU.ActiveCfg = Debug|Any CPU
		{7A25CB96-62C5-4A4C-872E-018BD8AEC3BE}.Debug|Any CPU.Build.0 = Debug|Any CPU
		{7A25CB96-62C5-4A4C-872E-018BD8AEC3BE}.Release|Any CPU.ActiveCfg = Release|Any CPU
		{7A25CB96-62C5-4A4C-872E-018BD8AEC3BE}.Release|Any CPU.Build.0 = Release|Any CPU
	EndGlobalSection
	GlobalSection(SolutionProperties) = preSolution
		HideSolutionNode = FALSE
	EndGlobalSection
	GlobalSection(ExtensibilityGlobals) = postSolution
		SolutionGuid = {9ACCBFFC-982C-4C34-85D1-E33A74BE9730}
	EndGlobalSection
EndGlobal
